
Microsoft Visual Studio Solution File, Format Version 12.00
# Visual Studio Version 17
VisualStudioVersion = 17.14.36408.4 d17.14
MinimumVisualStudioVersion = 10.0.40219.1
Project("{FAE04EC0-301F-11D3-BF4B-00C04F79EFBC}") = "workshop1.Core", "workshop1.Core\workshop1.Core.csproj", "{F538F598-4F7A-4751-A28F-7B0AC1866958}"
EndProject
Project("{FAE04EC0-301F-11D3-BF4B-00C04F79EFBC}") = "workshop1.Console", "workshop1.Console\workshop1.Console.csproj", "{BD3D3378-31BD-4924-8823-C379CC818CF4}"
EndProject
Global
	GlobalSection(SolutionConfigurationPlatforms) = preSolution
		Debug|Any CPU = Debug|Any CPU
		Release|Any CPU = Release|Any CPU
	EndGlobalSection
	GlobalSection(ProjectConfigurationPlatforms) = postSolution
		{F538F598-4F7A-4751-A28F-7B0AC1866958}.Debug|Any CPU.ActiveCfg = Debug|Any CPU
		{F538F598-4F7A-4751-A28F-7B0AC1866958}.Debug|Any CPU.Build.0 = Debug|Any CPU
		{F538F598-4F7A-4751-A28F-7B0AC1866958}.Release|Any CPU.ActiveCfg = Release|Any CPU
		{F538F598-4F7A-4751-A28F-7B0AC1866958}.Release|Any CPU.Build.0 = Release|Any CPU
		{BD3D3378-31BD-4924-8823-C379CC818CF4}.Debug|Any CPU.ActiveCfg = Debug|Any CPU
		{BD3D3378-31BD-4924-8823-C379CC818CF4}.Debug|Any CPU.Build.0 = Debug|Any CPU
		{BD3D3378-31BD-4924-8823-C379CC818CF4}.Release|Any CPU.ActiveCfg = Release|Any CPU
		{BD3D3378-31BD-4924-8823-C379CC818CF4}.Release|Any CPU.Build.0 = Release|Any CPU
	EndGlobalSection
	GlobalSection(SolutionProperties) = preSolution
		HideSolutionNode = FALSE
	EndGlobalSection
	GlobalSection(ExtensibilityGlobals) = postSolution
		SolutionGuid = {97659BF4-EACA-4E82-BADA-8FA79B84D5E2}
	EndGlobalSection
EndGlobal
